// !$*UTF8*$!
{
	archiveVersion = 1;
	classes = {
	};
	objectVersion = 56;
	objects = {

/* Begin PBXBuildFile section */
		3600602F8E6F0F93223608F7 /* Pods_News_App_Task.framework in Frameworks */ = {isa = PBXBuildFile; fileRef = 637BB69091CC3D8094ED177A /* Pods_News_App_Task.framework */; };
		7D0813CD2CD58CF300593887 /* FetchArticleViewModel.swift in Sources */ = {isa = PBXBuildFile; fileRef = 7D0813CC2CD58CF300593887 /* FetchArticleViewModel.swift */; };
		7D0813CF2CD58E1A00593887 /* Article.swift in Sources */ = {isa = PBXBuildFile; fileRef = 7D0813CE2CD58E1A00593887 /* Article.swift */; };
		7D0813D22CD5A07600593887 /* ArticleCellCollectionViewCell.swift in Sources */ = {isa = PBXBuildFile; fileRef = 7D0813D02CD5A07600593887 /* ArticleCellCollectionViewCell.swift */; };
		7D0813D32CD5A07600593887 /* ArticleCellCollectionViewCell.xib in Resources */ = {isa = PBXBuildFile; fileRef = 7D0813D12CD5A07600593887 /* ArticleCellCollectionViewCell.xib */; };
		7D6597C62CD5D5D8004597D4 /* UtilityObjects.swift in Sources */ = {isa = PBXBuildFile; fileRef = 7D6597C52CD5D5D8004597D4 /* UtilityObjects.swift */; };
		7DB2B9B42CD67F8B007727D1 /* FavoritesCollectionViewController.swift in Sources */ = {isa = PBXBuildFile; fileRef = 7DB2B9B32CD67F8B007727D1 /* FavoritesCollectionViewController.swift */; };
		7DB2B9B62CD68046007727D1 /* AllFavViewModel.swift in Sources */ = {isa = PBXBuildFile; fileRef = 7DB2B9B52CD68046007727D1 /* AllFavViewModel.swift */; };
		7DB457442CD5CAB600151659 /* DetailsViewController.swift in Sources */ = {isa = PBXBuildFile; fileRef = 7DB457432CD5CAB600151659 /* DetailsViewController.swift */; };
		7DB457462CD5CD2100151659 /* AddAndRemoveFavouriteNewsViewModel.swift in Sources */ = {isa = PBXBuildFile; fileRef = 7DB457452CD5CD2100151659 /* AddAndRemoveFavouriteNewsViewModel.swift */; };
		7DC1E1CA2CD786A300CA7B33 /* LocalDataSourceProtocol.swift in Sources */ = {isa = PBXBuildFile; fileRef = 7DC1E1C92CD786A300CA7B33 /* LocalDataSourceProtocol.swift */; };
		7DC1E1CC2CD7870300CA7B33 /* AddAndRemoveFavouriteNewsViewModelProtocol.swift in Sources */ = {isa = PBXBuildFile; fileRef = 7DC1E1CB2CD7870300CA7B33 /* AddAndRemoveFavouriteNewsViewModelProtocol.swift */; };
		7DC1E1D12CD78C9D00CA7B33 /* AllFavoritesViewModelProtocol.swift in Sources */ = {isa = PBXBuildFile; fileRef = 7DC1E1D02CD78C9D00CA7B33 /* AllFavoritesViewModelProtocol.swift */; };
		7DC1E1D32CD7924300CA7B33 /* NetworkManagerProtocol.swift in Sources */ = {isa = PBXBuildFile; fileRef = 7DC1E1D22CD7924300CA7B33 /* NetworkManagerProtocol.swift */; };
		7DC1E1D52CD7951000CA7B33 /* Constants.swift in Sources */ = {isa = PBXBuildFile; fileRef = 7DC1E1D42CD7951000CA7B33 /* Constants.swift */; };
		7DC1E1D72CD7976100CA7B33 /* FetchArticlesViewModelProtocol.swift in Sources */ = {isa = PBXBuildFile; fileRef = 7DC1E1D62CD7976100CA7B33 /* FetchArticlesViewModelProtocol.swift */; };
		7DCC47C32CD56CCF00E4E83F /* AppDelegate.swift in Sources */ = {isa = PBXBuildFile; fileRef = 7DCC47C22CD56CCF00E4E83F /* AppDelegate.swift */; };
		7DCC47C52CD56CCF00E4E83F /* SceneDelegate.swift in Sources */ = {isa = PBXBuildFile; fileRef = 7DCC47C42CD56CCF00E4E83F /* SceneDelegate.swift */; };
		7DCC47C72CD56CCF00E4E83F /* ArticlesViewController.swift in Sources */ = {isa = PBXBuildFile; fileRef = 7DCC47C62CD56CCF00E4E83F /* ArticlesViewController.swift */; };
		7DCC47CA2CD56CCF00E4E83F /* Main.storyboard in Resources */ = {isa = PBXBuildFile; fileRef = 7DCC47C82CD56CCF00E4E83F /* Main.storyboard */; };
		7DCC47CD2CD56CCF00E4E83F /* News_App_Task.xcdatamodeld in Sources */ = {isa = PBXBuildFile; fileRef = 7DCC47CB2CD56CCF00E4E83F /* News_App_Task.xcdatamodeld */; };
		7DCC47CF2CD56CD100E4E83F /* Assets.xcassets in Resources */ = {isa = PBXBuildFile; fileRef = 7DCC47CE2CD56CD100E4E83F /* Assets.xcassets */; };
		7DCC47D22CD56CD100E4E83F /* LaunchScreen.storyboard in Resources */ = {isa = PBXBuildFile; fileRef = 7DCC47D02CD56CD100E4E83F /* LaunchScreen.storyboard */; };
		7DCC47EC2CD572C200E4E83F /* NetworkManger.swift in Sources */ = {isa = PBXBuildFile; fileRef = 7DCC47EB2CD572C200E4E83F /* NetworkManger.swift */; };
		7DCC47EE2CD5731000E4E83F /* LocalDataSource.swift in Sources */ = {isa = PBXBuildFile; fileRef = 7DCC47ED2CD5731000E4E83F /* LocalDataSource.swift */; };
		7DDA981C2CD6CAFA00D92AEA /* ArticleResponse.swift in Sources */ = {isa = PBXBuildFile; fileRef = 7DDA981B2CD6CAFA00D92AEA /* ArticleResponse.swift */; };
/* End PBXBuildFile section */

/* Begin PBXFileReference section */
		1CC1D9D5A3603BA13FE1D5DF /* Pods-News App Task.release.xcconfig */ = {isa = PBXFileReference; includeInIndex = 1; lastKnownFileType = text.xcconfig; name = "Pods-News App Task.release.xcconfig"; path = "Target Support Files/Pods-News App Task/Pods-News App Task.release.xcconfig"; sourceTree = "<group>"; };
		637BB69091CC3D8094ED177A /* Pods_News_App_Task.framework */ = {isa = PBXFileReference; explicitFileType = wrapper.framework; includeInIndex = 0; path = Pods_News_App_Task.framework; sourceTree = BUILT_PRODUCTS_DIR; };
		6C9C2C6C174D05043983399B /* Pods-News App Task.debug.xcconfig */ = {isa = PBXFileReference; includeInIndex = 1; lastKnownFileType = text.xcconfig; name = "Pods-News App Task.debug.xcconfig"; path = "Target Support Files/Pods-News App Task/Pods-News App Task.debug.xcconfig"; sourceTree = "<group>"; };
		7D0813CC2CD58CF300593887 /* FetchArticleViewModel.swift */ = {isa = PBXFileReference; lastKnownFileType = sourcecode.swift; path = FetchArticleViewModel.swift; sourceTree = "<group>"; };
		7D0813CE2CD58E1A00593887 /* Article.swift */ = {isa = PBXFileReference; lastKnownFileType = sourcecode.swift; path = Article.swift; sourceTree = "<group>"; };
		7D0813D02CD5A07600593887 /* ArticleCellCollectionViewCell.swift */ = {isa = PBXFileReference; lastKnownFileType = sourcecode.swift; path = ArticleCellCollectionViewCell.swift; sourceTree = "<group>"; };
		7D0813D12CD5A07600593887 /* ArticleCellCollectionViewCell.xib */ = {isa = PBXFileReference; lastKnownFileType = file.xib; path = ArticleCellCollectionViewCell.xib; sourceTree = "<group>"; };
		7D6597C52CD5D5D8004597D4 /* UtilityObjects.swift */ = {isa = PBXFileReference; lastKnownFileType = sourcecode.swift; path = UtilityObjects.swift; sourceTree = "<group>"; };
		7DB2B9B32CD67F8B007727D1 /* FavoritesCollectionViewController.swift */ = {isa = PBXFileReference; lastKnownFileType = sourcecode.swift; path = FavoritesCollectionViewController.swift; sourceTree = "<group>"; };
		7DB2B9B52CD68046007727D1 /* AllFavViewModel.swift */ = {isa = PBXFileReference; lastKnownFileType = sourcecode.swift; path = AllFavViewModel.swift; sourceTree = "<group>"; };
		7DB457432CD5CAB600151659 /* DetailsViewController.swift */ = {isa = PBXFileReference; lastKnownFileType = sourcecode.swift; path = DetailsViewController.swift; sourceTree = "<group>"; };
		7DB457452CD5CD2100151659 /* AddAndRemoveFavouriteNewsViewModel.swift */ = {isa = PBXFileReference; lastKnownFileType = sourcecode.swift; path = AddAndRemoveFavouriteNewsViewModel.swift; sourceTree = "<group>"; };
		7DC1E1C92CD786A300CA7B33 /* LocalDataSourceProtocol.swift */ = {isa = PBXFileReference; lastKnownFileType = sourcecode.swift; path = LocalDataSourceProtocol.swift; sourceTree = "<group>"; };
		7DC1E1CB2CD7870300CA7B33 /* AddAndRemoveFavouriteNewsViewModelProtocol.swift */ = {isa = PBXFileReference; lastKnownFileType = sourcecode.swift; path = AddAndRemoveFavouriteNewsViewModelProtocol.swift; sourceTree = "<group>"; };
		7DC1E1D02CD78C9D00CA7B33 /* AllFavoritesViewModelProtocol.swift */ = {isa = PBXFileReference; lastKnownFileType = sourcecode.swift; path = AllFavoritesViewModelProtocol.swift; sourceTree = "<group>"; };
		7DC1E1D22CD7924300CA7B33 /* NetworkManagerProtocol.swift */ = {isa = PBXFileReference; lastKnownFileType = sourcecode.swift; path = NetworkManagerProtocol.swift; sourceTree = "<group>"; };
		7DC1E1D42CD7951000CA7B33 /* Constants.swift */ = {isa = PBXFileReference; lastKnownFileType = sourcecode.swift; path = Constants.swift; sourceTree = "<group>"; };
		7DC1E1D62CD7976100CA7B33 /* FetchArticlesViewModelProtocol.swift */ = {isa = PBXFileReference; lastKnownFileType = sourcecode.swift; path = FetchArticlesViewModelProtocol.swift; sourceTree = "<group>"; };
		7DCC47BF2CD56CCF00E4E83F /* News App Task.app */ = {isa = PBXFileReference; explicitFileType = wrapper.application; includeInIndex = 0; path = "News App Task.app"; sourceTree = BUILT_PRODUCTS_DIR; };
		7DCC47C22CD56CCF00E4E83F /* AppDelegate.swift */ = {isa = PBXFileReference; lastKnownFileType = sourcecode.swift; path = AppDelegate.swift; sourceTree = "<group>"; };
		7DCC47C42CD56CCF00E4E83F /* SceneDelegate.swift */ = {isa = PBXFileReference; lastKnownFileType = sourcecode.swift; path = SceneDelegate.swift; sourceTree = "<group>"; };
		7DCC47C62CD56CCF00E4E83F /* ArticlesViewController.swift */ = {isa = PBXFileReference; lastKnownFileType = sourcecode.swift; path = ArticlesViewController.swift; sourceTree = "<group>"; };
		7DCC47C92CD56CCF00E4E83F /* Base */ = {isa = PBXFileReference; lastKnownFileType = file.storyboard; name = Base; path = Base.lproj/Main.storyboard; sourceTree = "<group>"; };
		7DCC47CC2CD56CCF00E4E83F /* News_App_Task.xcdatamodel */ = {isa = PBXFileReference; lastKnownFileType = wrapper.xcdatamodel; path = News_App_Task.xcdatamodel; sourceTree = "<group>"; };
		7DCC47CE2CD56CD100E4E83F /* Assets.xcassets */ = {isa = PBXFileReference; lastKnownFileType = folder.assetcatalog; path = Assets.xcassets; sourceTree = "<group>"; };
		7DCC47D12CD56CD100E4E83F /* Base */ = {isa = PBXFileReference; lastKnownFileType = file.storyboard; name = Base; path = Base.lproj/LaunchScreen.storyboard; sourceTree = "<group>"; };
		7DCC47D32CD56CD100E4E83F /* Info.plist */ = {isa = PBXFileReference; lastKnownFileType = text.plist.xml; path = Info.plist; sourceTree = "<group>"; };
		7DCC47EB2CD572C200E4E83F /* NetworkManger.swift */ = {isa = PBXFileReference; lastKnownFileType = sourcecode.swift; path = NetworkManger.swift; sourceTree = "<group>"; };
		7DCC47ED2CD5731000E4E83F /* LocalDataSource.swift */ = {isa = PBXFileReference; lastKnownFileType = sourcecode.swift; path = LocalDataSource.swift; sourceTree = "<group>"; };
		7DDA981B2CD6CAFA00D92AEA /* ArticleResponse.swift */ = {isa = PBXFileReference; lastKnownFileType = sourcecode.swift; path = ArticleResponse.swift; sourceTree = "<group>"; };
/* End PBXFileReference section */

/* Begin PBXFrameworksBuildPhase section */
		7DCC47BC2CD56CCF00E4E83F /* Frameworks */ = {
			isa = PBXFrameworksBuildPhase;
			buildActionMask = 2147483647;
			files = (
				3600602F8E6F0F93223608F7 /* Pods_News_App_Task.framework in Frameworks */,
			);
			runOnlyForDeploymentPostprocessing = 0;
		};
/* End PBXFrameworksBuildPhase section */

/* Begin PBXGroup section */
		7DC1E1C82CD7868D00CA7B33 /* protocals */ = {
			isa = PBXGroup;
			children = (
				7DC1E1CF2CD78C7C00CA7B33 /* networkProtocals */,
				7DC1E1CE2CD78C2A00CA7B33 /* dataBasProtocals */,
				7DC1E1CD2CD78C1D00CA7B33 /* viewModelsProtocals */,
			);
			path = protocals;
			sourceTree = "<group>";
		};
		7DC1E1CD2CD78C1D00CA7B33 /* viewModelsProtocals */ = {
			isa = PBXGroup;
			children = (
				7DC1E1CB2CD7870300CA7B33 /* AddAndRemoveFavouriteNewsViewModelProtocol.swift */,
				7DC1E1D02CD78C9D00CA7B33 /* AllFavoritesViewModelProtocol.swift */,
				7DC1E1D62CD7976100CA7B33 /* FetchArticlesViewModelProtocol.swift */,
			);
			path = viewModelsProtocals;
			sourceTree = "<group>";
		};
		7DC1E1CE2CD78C2A00CA7B33 /* dataBasProtocals */ = {
			isa = PBXGroup;
			children = (
				7DC1E1C92CD786A300CA7B33 /* LocalDataSourceProtocol.swift */,
			);
			path = dataBasProtocals;
			sourceTree = "<group>";
		};
		7DC1E1CF2CD78C7C00CA7B33 /* networkProtocals */ = {
			isa = PBXGroup;
			children = (
				7DC1E1D22CD7924300CA7B33 /* NetworkManagerProtocol.swift */,
			);
			path = networkProtocals;
			sourceTree = "<group>";
		};
		7DCC47B62CD56CCF00E4E83F = {
			isa = PBXGroup;
			children = (
				7DCC47C12CD56CCF00E4E83F /* News App Task */,
				7DCC47C02CD56CCF00E4E83F /* Products */,
				9314A59EA1B83242457187BE /* Pods */,
				9A66966F9EC3AA99FEFA2C30 /* Frameworks */,
			);
			sourceTree = "<group>";
		};
		7DCC47C02CD56CCF00E4E83F /* Products */ = {
			isa = PBXGroup;
			children = (
				7DCC47BF2CD56CCF00E4E83F /* News App Task.app */,
			);
			name = Products;
			sourceTree = "<group>";
		};
		7DCC47C12CD56CCF00E4E83F /* News App Task */ = {
			isa = PBXGroup;
			children = (
				7DCC47D92CD5703F00E4E83F /* models */,
				7DCC47DB2CD5707300E4E83F /* views */,
				7DCC47DC2CD5707A00E4E83F /* viewModels */,
				7DCC47E82CD5727100E4E83F /* services */,
				7DC1E1C82CD7868D00CA7B33 /* protocals */,
				7DCC47EF2CD5734400E4E83F /* utilities */,
				7DCC47C22CD56CCF00E4E83F /* AppDelegate.swift */,
				7DCC47C42CD56CCF00E4E83F /* SceneDelegate.swift */,
				7DCC47CE2CD56CD100E4E83F /* Assets.xcassets */,
				7DCC47D32CD56CD100E4E83F /* Info.plist */,
			);
			path = "News App Task";
			sourceTree = "<group>";
		};
		7DCC47D92CD5703F00E4E83F /* models */ = {
			isa = PBXGroup;
			children = (
				7D0813CE2CD58E1A00593887 /* Article.swift */,
				7DDA981B2CD6CAFA00D92AEA /* ArticleResponse.swift */,
			);
			path = models;
			sourceTree = "<group>";
		};
		7DCC47DB2CD5707300E4E83F /* views */ = {
			isa = PBXGroup;
			children = (
				7DDA981F2CD6CB8E00D92AEA /* favorites */,
				7DDA981D2CD6CB3700D92AEA /* home */,
				7DDA981E2CD6CB6A00D92AEA /* details */,
				7DCC47C82CD56CCF00E4E83F /* Main.storyboard */,
				7DCC47D02CD56CD100E4E83F /* LaunchScreen.storyboard */,
			);
			path = views;
			sourceTree = "<group>";
		};
		7DCC47DC2CD5707A00E4E83F /* viewModels */ = {
			isa = PBXGroup;
			children = (
				7D0813CC2CD58CF300593887 /* FetchArticleViewModel.swift */,
				7DB457452CD5CD2100151659 /* AddAndRemoveFavouriteNewsViewModel.swift */,
				7DB2B9B52CD68046007727D1 /* AllFavViewModel.swift */,
			);
			path = viewModels;
			sourceTree = "<group>";
		};
		7DCC47E82CD5727100E4E83F /* services */ = {
			isa = PBXGroup;
			children = (
				7DCC47EA2CD572AC00E4E83F /* network */,
				7DCC47E92CD5728F00E4E83F /* dataBase */,
			);
			path = services;
			sourceTree = "<group>";
		};
		7DCC47E92CD5728F00E4E83F /* dataBase */ = {
			isa = PBXGroup;
			children = (
				7DCC47CB2CD56CCF00E4E83F /* News_App_Task.xcdatamodeld */,
				7DCC47ED2CD5731000E4E83F /* LocalDataSource.swift */,
			);
			path = dataBase;
			sourceTree = "<group>";
		};
		7DCC47EA2CD572AC00E4E83F /* network */ = {
			isa = PBXGroup;
			children = (
				7DCC47EB2CD572C200E4E83F /* NetworkManger.swift */,
			);
			path = network;
			sourceTree = "<group>";
		};
		7DCC47EF2CD5734400E4E83F /* utilities */ = {
			isa = PBXGroup;
			children = (
				7D6597C52CD5D5D8004597D4 /* UtilityObjects.swift */,
				7DC1E1D42CD7951000CA7B33 /* Constants.swift */,
			);
			path = utilities;
			sourceTree = "<group>";
		};
		7DDA981D2CD6CB3700D92AEA /* home */ = {
			isa = PBXGroup;
			children = (
				7DCC47C62CD56CCF00E4E83F /* ArticlesViewController.swift */,
				7D0813D02CD5A07600593887 /* ArticleCellCollectionViewCell.swift */,
				7D0813D12CD5A07600593887 /* ArticleCellCollectionViewCell.xib */,
			);
			path = home;
			sourceTree = "<group>";
		};
		7DDA981E2CD6CB6A00D92AEA /* details */ = {
			isa = PBXGroup;
			children = (
				7DB457432CD5CAB600151659 /* DetailsViewController.swift */,
			);
			path = details;
			sourceTree = "<group>";
		};
		7DDA981F2CD6CB8E00D92AEA /* favorites */ = {
			isa = PBXGroup;
			children = (
				7DB2B9B32CD67F8B007727D1 /* FavoritesCollectionViewController.swift */,
			);
			path = favorites;
			sourceTree = "<group>";
		};
		9314A59EA1B83242457187BE /* Pods */ = {
			isa = PBXGroup;
			children = (
				6C9C2C6C174D05043983399B /* Pods-News App Task.debug.xcconfig */,
				1CC1D9D5A3603BA13FE1D5DF /* Pods-News App Task.release.xcconfig */,
			);
			path = Pods;
			sourceTree = "<group>";
		};
		9A66966F9EC3AA99FEFA2C30 /* Frameworks */ = {
			isa = PBXGroup;
			children = (
				637BB69091CC3D8094ED177A /* Pods_News_App_Task.framework */,
			);
			name = Frameworks;
			sourceTree = "<group>";
		};
/* End PBXGroup section */

/* Begin PBXNativeTarget section */
		7DCC47BE2CD56CCF00E4E83F /* News App Task */ = {
			isa = PBXNativeTarget;
			buildConfigurationList = 7DCC47D62CD56CD100E4E83F /* Build configuration list for PBXNativeTarget "News App Task" */;
			buildPhases = (
				735712C55584347CB7D2E8BB /* [CP] Check Pods Manifest.lock */,
				7DCC47BB2CD56CCF00E4E83F /* Sources */,
				7DCC47BC2CD56CCF00E4E83F /* Frameworks */,
				7DCC47BD2CD56CCF00E4E83F /* Resources */,
				7E285BC29C95320C9F2974D9 /* [CP] Embed Pods Frameworks */,
			);
			buildRules = (
			);
			dependencies = (
			);
			name = "News App Task";
			productName = "News App Task";
			productReference = 7DCC47BF2CD56CCF00E4E83F /* News App Task.app */;
			productType = "com.apple.product-type.application";
		};
/* End PBXNativeTarget section */

/* Begin PBXProject section */
		7DCC47B72CD56CCF00E4E83F /* Project object */ = {
			isa = PBXProject;
			attributes = {
				BuildIndependentTargetsInParallel = 1;
				LastSwiftUpdateCheck = 1520;
				LastUpgradeCheck = 1520;
				TargetAttributes = {
					7DCC47BE2CD56CCF00E4E83F = {
						CreatedOnToolsVersion = 15.2;
					};
				};
			};
			buildConfigurationList = 7DCC47BA2CD56CCF00E4E83F /* Build configuration list for PBXProject "News App Task" */;
			compatibilityVersion = "Xcode 14.0";
			developmentRegion = en;
			hasScannedForEncodings = 0;
			knownRegions = (
				en,
				Base,
			);
			mainGroup = 7DCC47B62CD56CCF00E4E83F;
			productRefGroup = 7DCC47C02CD56CCF00E4E83F /* Products */;
			projectDirPath = "";
			projectRoot = "";
			targets = (
				7DCC47BE2CD56CCF00E4E83F /* News App Task */,
			);
		};
/* End PBXProject section */

/* Begin PBXResourcesBuildPhase section */
		7DCC47BD2CD56CCF00E4E83F /* Resources */ = {
			isa = PBXResourcesBuildPhase;
			buildActionMask = 2147483647;
			files = (
				7DCC47D22CD56CD100E4E83F /* LaunchScreen.storyboard in Resources */,
				7DCC47CF2CD56CD100E4E83F /* Assets.xcassets in Resources */,
				7DCC47CA2CD56CCF00E4E83F /* Main.storyboard in Resources */,
				7D0813D32CD5A07600593887 /* ArticleCellCollectionViewCell.xib in Resources */,
			);
			runOnlyForDeploymentPostprocessing = 0;
		};
/* End PBXResourcesBuildPhase section */

/* Begin PBXShellScriptBuildPhase section */
		735712C55584347CB7D2E8BB /* [CP] Check Pods Manifest.lock */ = {
			isa = PBXShellScriptBuildPhase;
			buildActionMask = 2147483647;
			files = (
			);
			inputFileListPaths = (
			);
			inputPaths = (
				"${PODS_PODFILE_DIR_PATH}/Podfile.lock",
				"${PODS_ROOT}/Manifest.lock",
			);
			name = "[CP] Check Pods Manifest.lock";
			outputFileListPaths = (
			);
			outputPaths = (
				"$(DERIVED_FILE_DIR)/Pods-News App Task-checkManifestLockResult.txt",
			);
			runOnlyForDeploymentPostprocessing = 0;
			shellPath = /bin/sh;
			shellScript = "diff \"${PODS_PODFILE_DIR_PATH}/Podfile.lock\" \"${PODS_ROOT}/Manifest.lock\" > /dev/null\nif [ $? != 0 ] ; then\n    # print error to STDERR\n    echo \"error: The sandbox is not in sync with the Podfile.lock. Run 'pod install' or update your CocoaPods installation.\" >&2\n    exit 1\nfi\n# This output is used by Xcode 'outputs' to avoid re-running this script phase.\necho \"SUCCESS\" > \"${SCRIPT_OUTPUT_FILE_0}\"\n";
			showEnvVarsInLog = 0;
		};
		7E285BC29C95320C9F2974D9 /* [CP] Embed Pods Frameworks */ = {
			isa = PBXShellScriptBuildPhase;
			buildActionMask = 2147483647;
			files = (
			);
			inputFileListPaths = (
				"${PODS_ROOT}/Target Support Files/Pods-News App Task/Pods-News App Task-frameworks-${CONFIGURATION}-input-files.xcfilelist",
			);
			name = "[CP] Embed Pods Frameworks";
			outputFileListPaths = (
				"${PODS_ROOT}/Target Support Files/Pods-News App Task/Pods-News App Task-frameworks-${CONFIGURATION}-output-files.xcfilelist",
			);
			runOnlyForDeploymentPostprocessing = 0;
			shellPath = /bin/sh;
			shellScript = "\"${PODS_ROOT}/Target Support Files/Pods-News App Task/Pods-News App Task-frameworks.sh\"\n";
			showEnvVarsInLog = 0;
		};
/* End PBXShellScriptBuildPhase section */

/* Begin PBXSourcesBuildPhase section */
		7DCC47BB2CD56CCF00E4E83F /* Sources */ = {
			isa = PBXSourcesBuildPhase;
			buildActionMask = 2147483647;
			files = (
				7DC1E1CA2CD786A300CA7B33 /* LocalDataSourceProtocol.swift in Sources */,
				7DB2B9B42CD67F8B007727D1 /* FavoritesCollectionViewController.swift in Sources */,
				7D6597C62CD5D5D8004597D4 /* UtilityObjects.swift in Sources */,
				7DB2B9B62CD68046007727D1 /* AllFavViewModel.swift in Sources */,
				7DC1E1CC2CD7870300CA7B33 /* AddAndRemoveFavouriteNewsViewModelProtocol.swift in Sources */,
				7DDA981C2CD6CAFA00D92AEA /* ArticleResponse.swift in Sources */,
				7DC1E1D12CD78C9D00CA7B33 /* AllFavoritesViewModelProtocol.swift in Sources */,
				7DCC47EC2CD572C200E4E83F /* NetworkManger.swift in Sources */,
				7DC1E1D72CD7976100CA7B33 /* FetchArticlesViewModelProtocol.swift in Sources */,
				7DB457462CD5CD2100151659 /* AddAndRemoveFavouriteNewsViewModel.swift in Sources */,
				7DCC47C72CD56CCF00E4E83F /* ArticlesViewController.swift in Sources */,
				7D0813CF2CD58E1A00593887 /* Article.swift in Sources */,
				7DB457442CD5CAB600151659 /* DetailsViewController.swift in Sources */,
				7DCC47CD2CD56CCF00E4E83F /* News_App_Task.xcdatamodeld in Sources */,
				7DCC47EE2CD5731000E4E83F /* LocalDataSource.swift in Sources */,
				7DCC47C32CD56CCF00E4E83F /* AppDelegate.swift in Sources */,
				7DC1E1D52CD7951000CA7B33 /* Constants.swift in Sources */,
				7DC1E1D32CD7924300CA7B33 /* NetworkManagerProtocol.swift in Sources */,
				7D0813CD2CD58CF300593887 /* FetchArticleViewModel.swift in Sources */,
				7DCC47C52CD56CCF00E4E83F /* SceneDelegate.swift in Sources */,
				7D0813D22CD5A07600593887 /* ArticleCellCollectionViewCell.swift in Sources */,
			);
			runOnlyForDeploymentPostprocessing = 0;
		};
/* End PBXSourcesBuildPhase section */

/* Begin PBXVariantGroup section */
		7DCC47C82CD56CCF00E4E83F /* Main.storyboard */ = {
			isa = PBXVariantGroup;
			children = (
				7DCC47C92CD56CCF00E4E83F /* Base */,
			);
			name = Main.storyboard;
			sourceTree = "<group>";
		};
		7DCC47D02CD56CD100E4E83F /* LaunchScreen.storyboard */ = {
			isa = PBXVariantGroup;
			children = (
				7DCC47D12CD56CD100E4E83F /* Base */,
			);
			name = LaunchScreen.storyboard;
			sourceTree = "<group>";
		};
/* End PBXVariantGroup section */

/* Begin XCBuildConfiguration section */
		7DCC47D42CD56CD100E4E83F /* Debug */ = {
			isa = XCBuildConfiguration;
			buildSettings = {
				ALWAYS_SEARCH_USER_PATHS = NO;
				ASSETCATALOG_COMPILER_GENERATE_SWIFT_ASSET_SYMBOL_EXTENSIONS = YES;
				CLANG_ANALYZER_NONNULL = YES;
				CLANG_ANALYZER_NUMBER_OBJECT_CONVERSION = YES_AGGRESSIVE;
				CLANG_CXX_LANGUAGE_STANDARD = "gnu++20";
				CLANG_ENABLE_MODULES = YES;
				CLANG_ENABLE_OBJC_ARC = YES;
				CLANG_ENABLE_OBJC_WEAK = YES;
				CLANG_WARN_BLOCK_CAPTURE_AUTORELEASING = YES;
				CLANG_WARN_BOOL_CONVERSION = YES;
				CLANG_WARN_COMMA = YES;
				CLANG_WARN_CONSTANT_CONVERSION = YES;
				CLANG_WARN_DEPRECATED_OBJC_IMPLEMENTATIONS = YES;
				CLANG_WARN_DIRECT_OBJC_ISA_USAGE = YES_ERROR;
				CLANG_WARN_DOCUMENTATION_COMMENTS = YES;
				CLANG_WARN_EMPTY_BODY = YES;
				CLANG_WARN_ENUM_CONVERSION = YES;
				CLANG_WARN_INFINITE_RECURSION = YES;
				CLANG_WARN_INT_CONVERSION = YES;
				CLANG_WARN_NON_LITERAL_NULL_CONVERSION = YES;
				CLANG_WARN_OBJC_IMPLICIT_RETAIN_SELF = YES;
				CLANG_WARN_OBJC_LITERAL_CONVERSION = YES;
				CLANG_WARN_OBJC_ROOT_CLASS = YES_ERROR;
				CLANG_WARN_QUOTED_INCLUDE_IN_FRAMEWORK_HEADER = YES;
				CLANG_WARN_RANGE_LOOP_ANALYSIS = YES;
				CLANG_WARN_STRICT_PROTOTYPES = YES;
				CLANG_WARN_SUSPICIOUS_MOVE = YES;
				CLANG_WARN_UNGUARDED_AVAILABILITY = YES_AGGRESSIVE;
				CLANG_WARN_UNREACHABLE_CODE = YES;
				CLANG_WARN__DUPLICATE_METHOD_MATCH = YES;
				COPY_PHASE_STRIP = NO;
				DEBUG_INFORMATION_FORMAT = dwarf;
				ENABLE_STRICT_OBJC_MSGSEND = YES;
				ENABLE_TESTABILITY = YES;
				ENABLE_USER_SCRIPT_SANDBOXING = NO;
				GCC_C_LANGUAGE_STANDARD = gnu17;
				GCC_DYNAMIC_NO_PIC = NO;
				GCC_NO_COMMON_BLOCKS = YES;
				GCC_OPTIMIZATION_LEVEL = 0;
				GCC_PREPROCESSOR_DEFINITIONS = (
					"DEBUG=1",
					"$(inherited)",
				);
				GCC_WARN_64_TO_32_BIT_CONVERSION = YES;
				GCC_WARN_ABOUT_RETURN_TYPE = YES_ERROR;
				GCC_WARN_UNDECLARED_SELECTOR = YES;
				GCC_WARN_UNINITIALIZED_AUTOS = YES_AGGRESSIVE;
				GCC_WARN_UNUSED_FUNCTION = YES;
				GCC_WARN_UNUSED_VARIABLE = YES;
				IPHONEOS_DEPLOYMENT_TARGET = 17.2;
				LOCALIZATION_PREFERS_STRING_CATALOGS = YES;
				MTL_ENABLE_DEBUG_INFO = INCLUDE_SOURCE;
				MTL_FAST_MATH = YES;
				ONLY_ACTIVE_ARCH = YES;
				SDKROOT = iphoneos;
				SWIFT_ACTIVE_COMPILATION_CONDITIONS = "DEBUG $(inherited)";
				SWIFT_OPTIMIZATION_LEVEL = "-Onone";
			};
			name = Debug;
		};
		7DCC47D52CD56CD100E4E83F /* Release */ = {
			isa = XCBuildConfiguration;
			buildSettings = {
				ALWAYS_SEARCH_USER_PATHS = NO;
				ASSETCATALOG_COMPILER_GENERATE_SWIFT_ASSET_SYMBOL_EXTENSIONS = YES;
				CLANG_ANALYZER_NONNULL = YES;
				CLANG_ANALYZER_NUMBER_OBJECT_CONVERSION = YES_AGGRESSIVE;
				CLANG_CXX_LANGUAGE_STANDARD = "gnu++20";
				CLANG_ENABLE_MODULES = YES;
				CLANG_ENABLE_OBJC_ARC = YES;
				CLANG_ENABLE_OBJC_WEAK = YES;
				CLANG_WARN_BLOCK_CAPTURE_AUTORELEASING = YES;
				CLANG_WARN_BOOL_CONVERSION = YES;
				CLANG_WARN_COMMA = YES;
				CLANG_WARN_CONSTANT_CONVERSION = YES;
				CLANG_WARN_DEPRECATED_OBJC_IMPLEMENTATIONS = YES;
				CLANG_WARN_DIRECT_OBJC_ISA_USAGE = YES_ERROR;
				CLANG_WARN_DOCUMENTATION_COMMENTS = YES;
				CLANG_WARN_EMPTY_BODY = YES;
				CLANG_WARN_ENUM_CONVERSION = YES;
				CLANG_WARN_INFINITE_RECURSION = YES;
				CLANG_WARN_INT_CONVERSION = YES;
				CLANG_WARN_NON_LITERAL_NULL_CONVERSION = YES;
				CLANG_WARN_OBJC_IMPLICIT_RETAIN_SELF = YES;
				CLANG_WARN_OBJC_LITERAL_CONVERSION = YES;
				CLANG_WARN_OBJC_ROOT_CLASS = YES_ERROR;
				CLANG_WARN_QUOTED_INCLUDE_IN_FRAMEWORK_HEADER = YES;
				CLANG_WARN_RANGE_LOOP_ANALYSIS = YES;
				CLANG_WARN_STRICT_PROTOTYPES = YES;
				CLANG_WARN_SUSPICIOUS_MOVE = YES;
				CLANG_WARN_UNGUARDED_AVAILABILITY = YES_AGGRESSIVE;
				CLANG_WARN_UNREACHABLE_CODE = YES;
				CLANG_WARN__DUPLICATE_METHOD_MATCH = YES;
				COPY_PHASE_STRIP = NO;
				DEBUG_INFORMATION_FORMAT = "dwarf-with-dsym";
				ENABLE_NS_ASSERTIONS = NO;
				ENABLE_STRICT_OBJC_MSGSEND = YES;
				ENABLE_USER_SCRIPT_SANDBOXING = NO;
				GCC_C_LANGUAGE_STANDARD = gnu17;
				GCC_NO_COMMON_BLOCKS = YES;
				GCC_WARN_64_TO_32_BIT_CONVERSION = YES;
				GCC_WARN_ABOUT_RETURN_TYPE = YES_ERROR;
				GCC_WARN_UNDECLARED_SELECTOR = YES;
				GCC_WARN_UNINITIALIZED_AUTOS = YES_AGGRESSIVE;
				GCC_WARN_UNUSED_FUNCTION = YES;
				GCC_WARN_UNUSED_VARIABLE = YES;
				IPHONEOS_DEPLOYMENT_TARGET = 17.2;
				LOCALIZATION_PREFERS_STRING_CATALOGS = YES;
				MTL_ENABLE_DEBUG_INFO = NO;
				MTL_FAST_MATH = YES;
				SDKROOT = iphoneos;
				SWIFT_COMPILATION_MODE = wholemodule;
				VALIDATE_PRODUCT = YES;
			};
			name = Release;
		};
		7DCC47D72CD56CD100E4E83F /* Debug */ = {
			isa = XCBuildConfiguration;
			baseConfigurationReference = 6C9C2C6C174D05043983399B /* Pods-News App Task.debug.xcconfig */;
			buildSettings = {
				ASSETCATALOG_COMPILER_APPICON_NAME = AppIcon;
				ASSETCATALOG_COMPILER_GLOBAL_ACCENT_COLOR_NAME = AccentColor;
				CODE_SIGN_STYLE = Automatic;
				CURRENT_PROJECT_VERSION = 1;
				GENERATE_INFOPLIST_FILE = YES;
				INFOPLIST_FILE = "News App Task/Info.plist";
				INFOPLIST_KEY_UIApplicationSupportsIndirectInputEvents = YES;
				INFOPLIST_KEY_UILaunchStoryboardName = LaunchScreen;
				INFOPLIST_KEY_UIMainStoryboardFile = Main;
				INFOPLIST_KEY_UISupportedInterfaceOrientations_iPad = "UIInterfaceOrientationPortrait UIInterfaceOrientationPortraitUpsideDown UIInterfaceOrientationLandscapeLeft UIInterfaceOrientationLandscapeRight";
				INFOPLIST_KEY_UISupportedInterfaceOrientations_iPhone = "UIInterfaceOrientationPortrait UIInterfaceOrientationLandscapeLeft UIInterfaceOrientationLandscapeRight";
				LD_RUNPATH_SEARCH_PATHS = (
					"$(inherited)",
					"@executable_path/Frameworks",
				);
				MARKETING_VERSION = 1.0;
				PRODUCT_BUNDLE_IDENTIFIER = "l.News-App-Task";
				PRODUCT_NAME = "$(TARGET_NAME)";
				SWIFT_EMIT_LOC_STRINGS = YES;
				SWIFT_VERSION = 5.0;
				TARGETED_DEVICE_FAMILY = "1,2";
			};
			name = Debug;
		};
		7DCC47D82CD56CD100E4E83F /* Release */ = {
			isa = XCBuildConfiguration;
			baseConfigurationReference = 1CC1D9D5A3603BA13FE1D5DF /* Pods-News App Task.release.xcconfig */;
			buildSettings = {
				ASSETCATALOG_COMPILER_APPICON_NAME = AppIcon;
				ASSETCATALOG_COMPILER_GLOBAL_ACCENT_COLOR_NAME = AccentColor;
				CODE_SIGN_STYLE = Automatic;
				CURRENT_PROJECT_VERSION = 1;
				GENERATE_INFOPLIST_FILE = YES;
				INFOPLIST_FILE = "News App Task/Info.plist";
				INFOPLIST_KEY_UIApplicationSupportsIndirectInputEvents = YES;
				INFOPLIST_KEY_UILaunchStoryboardName = LaunchScreen;
				INFOPLIST_KEY_UIMainStoryboardFile = Main;
				INFOPLIST_KEY_UISupportedInterfaceOrientations_iPad = "UIInterfaceOrientationPortrait UIInterfaceOrientationPortraitUpsideDown UIInterfaceOrientationLandscapeLeft UIInterfaceOrientationLandscapeRight";
				INFOPLIST_KEY_UISupportedInterfaceOrientations_iPhone = "UIInterfaceOrientationPortrait UIInterfaceOrientationLandscapeLeft UIInterfaceOrientationLandscapeRight";
				LD_RUNPATH_SEARCH_PATHS = (
					"$(inherited)",
					"@executable_path/Frameworks",
				);
				MARKETING_VERSION = 1.0;
				PRODUCT_BUNDLE_IDENTIFIER = "l.News-App-Task";
				PRODUCT_NAME = "$(TARGET_NAME)";
				SWIFT_EMIT_LOC_STRINGS = YES;
				SWIFT_VERSION = 5.0;
				TARGETED_DEVICE_FAMILY = "1,2";
			};
			name = Release;
		};
/* End XCBuildConfiguration section */

/* Begin XCConfigurationList section */
		7DCC47BA2CD56CCF00E4E83F /* Build configuration list for PBXProject "News App Task" */ = {
			isa = XCConfigurationList;
			buildConfigurations = (
				7DCC47D42CD56CD100E4E83F /* Debug */,
				7DCC47D52CD56CD100E4E83F /* Release */,
			);
			defaultConfigurationIsVisible = 0;
			defaultConfigurationName = Release;
		};
		7DCC47D62CD56CD100E4E83F /* Build configuration list for PBXNativeTarget "News App Task" */ = {
			isa = XCConfigurationList;
			buildConfigurations = (
				7DCC47D72CD56CD100E4E83F /* Debug */,
				7DCC47D82CD56CD100E4E83F /* Release */,
			);
			defaultConfigurationIsVisible = 0;
			defaultConfigurationName = Release;
		};
/* End XCConfigurationList section */

/* Begin XCVersionGroup section */
		7DCC47CB2CD56CCF00E4E83F /* News_App_Task.xcdatamodeld */ = {
			isa = XCVersionGroup;
			children = (
				7DCC47CC2CD56CCF00E4E83F /* News_App_Task.xcdatamodel */,
			);
			currentVersion = 7DCC47CC2CD56CCF00E4E83F /* News_App_Task.xcdatamodel */;
			path = News_App_Task.xcdatamodeld;
			sourceTree = "<group>";
			versionGroupType = wrapper.xcdatamodel;
		};
/* End XCVersionGroup section */
	};
	rootObject = 7DCC47B72CD56CCF00E4E83F /* Project object */;
}
